// !$*UTF8*$!
{
	archiveVersion = 1;
	classes = {
	};
	objectVersion = 50;
	objects = {

/* Begin PBXBuildFile section */
		30BFF6F92258166400B9DF03 /* AppDelegate.swift in Sources */ = {isa = PBXBuildFile; fileRef = 30BFF6F82258166400B9DF03 /* AppDelegate.swift */; };
		30BFF6FB2258166400B9DF03 /* ViewController.swift in Sources */ = {isa = PBXBuildFile; fileRef = 30BFF6FA2258166400B9DF03 /* ViewController.swift */; };
		30BFF6FE2258166400B9DF03 /* Main.storyboard in Resources */ = {isa = PBXBuildFile; fileRef = 30BFF6FC2258166400B9DF03 /* Main.storyboard */; };
		30BFF7002258166600B9DF03 /* Assets.xcassets in Resources */ = {isa = PBXBuildFile; fileRef = 30BFF6FF2258166600B9DF03 /* Assets.xcassets */; };
		30BFF7032258166600B9DF03 /* LaunchScreen.storyboard in Resources */ = {isa = PBXBuildFile; fileRef = 30BFF7012258166600B9DF03 /* LaunchScreen.storyboard */; };
		30BFF70E2258166600B9DF03 /* VKPractiseTests.swift in Sources */ = {isa = PBXBuildFile; fileRef = 30BFF70D2258166600B9DF03 /* VKPractiseTests.swift */; };
/* End PBXBuildFile section */

/* Begin PBXContainerItemProxy section */
		30BFF70A2258166600B9DF03 /* PBXContainerItemProxy */ = {
			isa = PBXContainerItemProxy;
			containerPortal = 30BFF6ED2258166400B9DF03 /* Project object */;
			proxyType = 1;
			remoteGlobalIDString = 30BFF6F42258166400B9DF03;
			remoteInfo = VKPractise;
		};
/* End PBXContainerItemProxy section */

/* Begin PBXFileReference section */
		30BFF6F52258166400B9DF03 /* VKPractise.app */ = {isa = PBXFileReference; explicitFileType = wrapper.application; includeInIndex = 0; path = VKPractise.app; sourceTree = BUILT_PRODUCTS_DIR; };
		30BFF6F82258166400B9DF03 /* AppDelegate.swift */ = {isa = PBXFileReference; lastKnownFileType = sourcecode.swift; path = AppDelegate.swift; sourceTree = "<group>"; };
		30BFF6FA2258166400B9DF03 /* ViewController.swift */ = {isa = PBXFileReference; lastKnownFileType = sourcecode.swift; path = ViewController.swift; sourceTree = "<group>"; };
		30BFF6FD2258166400B9DF03 /* Base */ = {isa = PBXFileReference; lastKnownFileType = file.storyboard; name = Base; path = Base.lproj/Main.storyboard; sourceTree = "<group>"; };
		30BFF6FF2258166600B9DF03 /* Assets.xcassets */ = {isa = PBXFileReference; lastKnownFileType = folder.assetcatalog; path = Assets.xcassets; sourceTree = "<group>"; };
		30BFF7022258166600B9DF03 /* Base */ = {isa = PBXFileReference; lastKnownFileType = file.storyboard; name = Base; path = Base.lproj/LaunchScreen.storyboard; sourceTree = "<group>"; };
		30BFF7042258166600B9DF03 /* Info.plist */ = {isa = PBXFileReference; lastKnownFileType = text.plist.xml; path = Info.plist; sourceTree = "<group>"; };
		30BFF7092258166600B9DF03 /* VKPractiseTests.xctest */ = {isa = PBXFileReference; explicitFileType = wrapper.cfbundle; includeInIndex = 0; path = VKPractiseTests.xctest; sourceTree = BUILT_PRODUCTS_DIR; };
		30BFF70D2258166600B9DF03 /* VKPractiseTests.swift */ = {isa = PBXFileReference; lastKnownFileType = sourcecode.swift; path = VKPractiseTests.swift; sourceTree = "<group>"; };
		30BFF70F2258166600B9DF03 /* Info.plist */ = {isa = PBXFileReference; lastKnownFileType = text.plist.xml; path = Info.plist; sourceTree = "<group>"; };
/* End PBXFileReference section */

/* Begin PBXFrameworksBuildPhase section */
		30BFF6F22258166400B9DF03 /* Frameworks */ = {
			isa = PBXFrameworksBuildPhase;
			buildActionMask = 2147483647;
			files = (
			);
			runOnlyForDeploymentPostprocessing = 0;
		};
		30BFF7062258166600B9DF03 /* Frameworks */ = {
			isa = PBXFrameworksBuildPhase;
			buildActionMask = 2147483647;
			files = (
			);
			runOnlyForDeploymentPostprocessing = 0;
		};
/* End PBXFrameworksBuildPhase section */

/* Begin PBXGroup section */
		30BFF6EC2258166400B9DF03 = {
			isa = PBXGroup;
			children = (
				30BFF6F72258166400B9DF03 /* VKPractise */,
				30BFF70C2258166600B9DF03 /* VKPractiseTests */,
				30BFF6F62258166400B9DF03 /* Products */,
			);
			sourceTree = "<group>";
		};
		30BFF6F62258166400B9DF03 /* Products */ = {
			isa = PBXGroup;
			children = (
				30BFF6F52258166400B9DF03 /* VKPractise.app */,
				30BFF7092258166600B9DF03 /* VKPractiseTests.xctest */,
			);
			name = Products;
			sourceTree = "<group>";
		};
		30BFF6F72258166400B9DF03 /* VKPractise */ = {
			isa = PBXGroup;
			children = (
				30BFF6F82258166400B9DF03 /* AppDelegate.swift */,
				30BFF6FA2258166400B9DF03 /* ViewController.swift */,
				30BFF6FC2258166400B9DF03 /* Main.storyboard */,
				30BFF6FF2258166600B9DF03 /* Assets.xcassets */,
				30BFF7012258166600B9DF03 /* LaunchScreen.storyboard */,
				30BFF7042258166600B9DF03 /* Info.plist */,
			);
			path = VKPractise;
			sourceTree = "<group>";
		};
		30BFF70C2258166600B9DF03 /* VKPractiseTests */ = {
			isa = PBXGroup;
			children = (
				30BFF70D2258166600B9DF03 /* VKPractiseTests.swift */,
				30BFF70F2258166600B9DF03 /* Info.plist */,
			);
			path = VKPractiseTests;
			sourceTree = "<group>";
		};
/* End PBXGroup section */

/* Begin PBXNativeTarget section */
		30BFF6F42258166400B9DF03 /* VKPractise */ = {
			isa = PBXNativeTarget;
			buildConfigurationList = 30BFF7122258166600B9DF03 /* Build configuration list for PBXNativeTarget "VKPractise" */;
			buildPhases = (
				30BFF6F12258166400B9DF03 /* Sources */,
				30BFF6F22258166400B9DF03 /* Frameworks */,
				30BFF6F32258166400B9DF03 /* Resources */,
			);
			buildRules = (
			);
			dependencies = (
			);
			name = VKPractise;
			productName = VKPractise;
			productReference = 30BFF6F52258166400B9DF03 /* VKPractise.app */;
			productType = "com.apple.product-type.application";
		};
		30BFF7082258166600B9DF03 /* VKPractiseTests */ = {
			isa = PBXNativeTarget;
			buildConfigurationList = 30BFF7152258166600B9DF03 /* Build configuration list for PBXNativeTarget "VKPractiseTests" */;
			buildPhases = (
				30BFF7052258166600B9DF03 /* Sources */,
				30BFF7062258166600B9DF03 /* Frameworks */,
				30BFF7072258166600B9DF03 /* Resources */,
			);
			buildRules = (
			);
			dependencies = (
				30BFF70B2258166600B9DF03 /* PBXTargetDependency */,
			);
			name = VKPractiseTests;
			productName = VKPractiseTests;
			productReference = 30BFF7092258166600B9DF03 /* VKPractiseTests.xctest */;
			productType = "com.apple.product-type.bundle.unit-test";
		};
/* End PBXNativeTarget section */

/* Begin PBXProject section */
		30BFF6ED2258166400B9DF03 /* Project object */ = {
			isa = PBXProject;
			attributes = {
				LastSwiftUpdateCheck = 1010;
				LastUpgradeCheck = 1010;
				ORGANIZATIONNAME = roman;
				TargetAttributes = {
					30BFF6F42258166400B9DF03 = {
						CreatedOnToolsVersion = 10.1;
					};
					30BFF7082258166600B9DF03 = {
						CreatedOnToolsVersion = 10.1;
						TestTargetID = 30BFF6F42258166400B9DF03;
					};
				};
			};
			buildConfigurationList = 30BFF6F02258166400B9DF03 /* Build configuration list for PBXProject "VKPractise" */;
			compatibilityVersion = "Xcode 9.3";
			developmentRegion = en;
			hasScannedForEncodings = 0;
			knownRegions = (
				en,
				Base,
			);
			mainGroup = 30BFF6EC2258166400B9DF03;
			productRefGroup = 30BFF6F62258166400B9DF03 /* Products */;
			projectDirPath = "";
			projectRoot = "";
			targets = (
				30BFF6F42258166400B9DF03 /* VKPractise */,
				30BFF7082258166600B9DF03 /* VKPractiseTests */,
			);
		};
/* End PBXProject section */

/* Begin PBXResourcesBuildPhase section */
		30BFF6F32258166400B9DF03 /* Resources */ = {
			isa = PBXResourcesBuildPhase;
			buildActionMask = 2147483647;
			files = (
				30BFF7032258166600B9DF03 /* LaunchScreen.storyboard in Resources */,
				30BFF7002258166600B9DF03 /* Assets.xcassets in Resources */,
				30BFF6FE2258166400B9DF03 /* Main.storyboard in Resources */,
			);
			runOnlyForDeploymentPostprocessing = 0;
		};
		30BFF7072258166600B9DF03 /* Resources */ = {
			isa = PBXResourcesBuildPhase;
			buildActionMask = 2147483647;
			files = (
			);
			runOnlyForDeploymentPostprocessing = 0;
		};
/* End PBXResourcesBuildPhase section */

/* Begin PBXSourcesBuildPhase section */
		30BFF6F12258166400B9DF03 /* Sources */ = {
			isa = PBXSourcesBuildPhase;
			buildActionMask = 2147483647;
			files = (
				30BFF6FB2258166400B9DF03 /* ViewController.swift in Sources */,
				30BFF6F92258166400B9DF03 /* AppDelegate.swift in Sources */,
			);
			runOnlyForDeploymentPostprocessing = 0;
		};
		30BFF7052258166600B9DF03 /* Sources */ = {
			isa = PBXSourcesBuildPhase;
			buildActionMask = 2147483647;
			files = (
				30BFF70E2258166600B9DF03 /* VKPractiseTests.swift in Sources */,
			);
			runOnlyForDeploymentPostprocessing = 0;
		};
/* End PBXSourcesBuildPhase section */

/* Begin PBXTargetDependency section */
		30BFF70B2258166600B9DF03 /* PBXTargetDependency */ = {
			isa = PBXTargetDependency;
			target = 30BFF6F42258166400B9DF03 /* VKPractise */;
			targetProxy = 30BFF70A2258166600B9DF03 /* PBXContainerItemProxy */;
		};
/* End PBXTargetDependency section */

/* Begin PBXVariantGroup section */
		30BFF6FC2258166400B9DF03 /* Main.storyboard */ = {
			isa = PBXVariantGroup;
			children = (
				30BFF6FD2258166400B9DF03 /* Base */,
			);
			name = Main.storyboard;
			sourceTree = "<group>";
		};
		30BFF7012258166600B9DF03 /* LaunchScreen.storyboard */ = {
			isa = PBXVariantGroup;
			children = (
				30BFF7022258166600B9DF03 /* Base */,
			);
			name = LaunchScreen.storyboard;
			sourceTree = "<group>";
		};
/* End PBXVariantGroup section */

/* Begin XCBuildConfiguration section */
		30BFF7102258166600B9DF03 /* Debug */ = {
			isa = XCBuildConfiguration;
			buildSettings = {
				ALWAYS_SEARCH_USER_PATHS = NO;
				CLANG_ANALYZER_NONNULL = YES;
				CLANG_ANALYZER_NUMBER_OBJECT_CONVERSION = YES_AGGRESSIVE;
				CLANG_CXX_LANGUAGE_STANDARD = "gnu++14";
				CLANG_CXX_LIBRARY = "libc++";
				CLANG_ENABLE_MODULES = YES;
				CLANG_ENABLE_OBJC_ARC = YES;
				CLANG_ENABLE_OBJC_WEAK = YES;
				CLANG_WARN_BLOCK_CAPTURE_AUTORELEASING = YES;
				CLANG_WARN_BOOL_CONVERSION = YES;
				CLANG_WARN_COMMA = YES;
				CLANG_WARN_CONSTANT_CONVERSION = YES;
				CLANG_WARN_DEPRECATED_OBJC_IMPLEMENTATIONS = YES;
				CLANG_WARN_DIRECT_OBJC_ISA_USAGE = YES_ERROR;
				CLANG_WARN_DOCUMENTATION_COMMENTS = YES;
				CLANG_WARN_EMPTY_BODY = YES;
				CLANG_WARN_ENUM_CONVERSION = YES;
				CLANG_WARN_INFINITE_RECURSION = YES;
				CLANG_WARN_INT_CONVERSION = YES;
				CLANG_WARN_NON_LITERAL_NULL_CONVERSION = YES;
				CLANG_WARN_OBJC_IMPLICIT_RETAIN_SELF = YES;
				CLANG_WARN_OBJC_LITERAL_CONVERSION = YES;
				CLANG_WARN_OBJC_ROOT_CLASS = YES_ERROR;
				CLANG_WARN_RANGE_LOOP_ANALYSIS = YES;
				CLANG_WARN_STRICT_PROTOTYPES = YES;
				CLANG_WARN_SUSPICIOUS_MOVE = YES;
				CLANG_WARN_UNGUARDED_AVAILABILITY = YES_AGGRESSIVE;
				CLANG_WARN_UNREACHABLE_CODE = YES;
				CLANG_WARN__DUPLICATE_METHOD_MATCH = YES;
				CODE_SIGN_IDENTITY = "iPhone Developer";
				COPY_PHASE_STRIP = NO;
				DEBUG_INFORMATION_FORMAT = dwarf;
				ENABLE_STRICT_OBJC_MSGSEND = YES;
				ENABLE_TESTABILITY = YES;
				GCC_C_LANGUAGE_STANDARD = gnu11;
				GCC_DYNAMIC_NO_PIC = NO;
				GCC_NO_COMMON_BLOCKS = YES;
				GCC_OPTIMIZATION_LEVEL = 0;
				GCC_PREPROCESSOR_DEFINITIONS = (
					"DEBUG=1",
					"$(inherited)",
				);
				GCC_WARN_64_TO_32_BIT_CONVERSION = YES;
				GCC_WARN_ABOUT_RETURN_TYPE = YES_ERROR;
				GCC_WARN_UNDECLARED_SELECTOR = YES;
				GCC_WARN_UNINITIALIZED_AUTOS = YES_AGGRESSIVE;
				GCC_WARN_UNUSED_FUNCTION = YES;
				GCC_WARN_UNUSED_VARIABLE = YES;
				IPHONEOS_DEPLOYMENT_TARGET = 12.1;
				MTL_ENABLE_DEBUG_INFO = INCLUDE_SOURCE;
				MTL_FAST_MATH = YES;
				ONLY_ACTIVE_ARCH = YES;
				SDKROOT = iphoneos;
				SWIFT_ACTIVE_COMPILATION_CONDITIONS = DEBUG;
				SWIFT_OPTIMIZATION_LEVEL = "-Onone";
			};
			name = Debug;
		};
		30BFF7112258166600B9DF03 /* Release */ = {
			isa = XCBuildConfiguration;
			buildSettings = {
				ALWAYS_SEARCH_USER_PATHS = NO;
				CLANG_ANALYZER_NONNULL = YES;
				CLANG_ANALYZER_NUMBER_OBJECT_CONVERSION = YES_AGGRESSIVE;
				CLANG_CXX_LANGUAGE_STANDARD = "gnu++14";
				CLANG_CXX_LIBRARY = "libc++";
				CLANG_ENABLE_MODULES = YES;
				CLANG_ENABLE_OBJC_ARC = YES;
				CLANG_ENABLE_OBJC_WEAK = YES;
				CLANG_WARN_BLOCK_CAPTURE_AUTORELEASING = YES;
				CLANG_WARN_BOOL_CONVERSION = YES;
				CLANG_WARN_COMMA = YES;
				CLANG_WARN_CONSTANT_CONVERSION = YES;
				CLANG_WARN_DEPRECATED_OBJC_IMPLEMENTATIONS = YES;
				CLANG_WARN_DIRECT_OBJC_ISA_USAGE = YES_ERROR;
				CLANG_WARN_DOCUMENTATION_COMMENTS = YES;
				CLANG_WARN_EMPTY_BODY = YES;
				CLANG_WARN_ENUM_CONVERSION = YES;
				CLANG_WARN_INFINITE_RECURSION = YES;
				CLANG_WARN_INT_CONVERSION = YES;
				CLANG_WARN_NON_LITERAL_NULL_CONVERSION = YES;
				CLANG_WARN_OBJC_IMPLICIT_RETAIN_SELF = YES;
				CLANG_WARN_OBJC_LITERAL_CONVERSION = YES;
				CLANG_WARN_OBJC_ROOT_CLASS = YES_ERROR;
				CLANG_WARN_RANGE_LOOP_ANALYSIS = YES;
				CLANG_WARN_STRICT_PROTOTYPES = YES;
				CLANG_WARN_SUSPICIOUS_MOVE = YES;
				CLANG_WARN_UNGUARDED_AVAILABILITY = YES_AGGRESSIVE;
				CLANG_WARN_UNREACHABLE_CODE = YES;
				CLANG_WARN__DUPLICATE_METHOD_MATCH = YES;
				CODE_SIGN_IDENTITY = "iPhone Developer";
				COPY_PHASE_STRIP = NO;
				DEBUG_INFORMATION_FORMAT = "dwarf-with-dsym";
				ENABLE_NS_ASSERTIONS = NO;
				ENABLE_STRICT_OBJC_MSGSEND = YES;
				GCC_C_LANGUAGE_STANDARD = gnu11;
				GCC_NO_COMMON_BLOCKS = YES;
				GCC_WARN_64_TO_32_BIT_CONVERSION = YES;
				GCC_WARN_ABOUT_RETURN_TYPE = YES_ERROR;
				GCC_WARN_UNDECLARED_SELECTOR = YES;
				GCC_WARN_UNINITIALIZED_AUTOS = YES_AGGRESSIVE;
				GCC_WARN_UNUSED_FUNCTION = YES;
				GCC_WARN_UNUSED_VARIABLE = YES;
				IPHONEOS_DEPLOYMENT_TARGET = 12.1;
				MTL_ENABLE_DEBUG_INFO = NO;
				MTL_FAST_MATH = YES;
				SDKROOT = iphoneos;
				SWIFT_COMPILATION_MODE = wholemodule;
				SWIFT_OPTIMIZATION_LEVEL = "-O";
				VALIDATE_PRODUCT = YES;
			};
			name = Release;
		};
		30BFF7132258166600B9DF03 /* Debug */ = {
			isa = XCBuildConfiguration;
			buildSettings = {
				ASSETCATALOG_COMPILER_APPICON_NAME = AppIcon;
				CODE_SIGN_STYLE = Automatic;
				DEVELOPMENT_TEAM = 7D8T852G26;
				INFOPLIST_FILE = VKPractise/Info.plist;
				LD_RUNPATH_SEARCH_PATHS = (
					"$(inherited)",
					"@executable_path/Frameworks",
				);
				PRODUCT_BUNDLE_IDENTIFIER = krasnikov.VKPractise;
				PRODUCT_NAME = "$(TARGET_NAME)";
				SWIFT_VERSION = 4.2;
				TARGETED_DEVICE_FAMILY = "1,2";
			};
			name = Debug;
		};
		30BFF7142258166600B9DF03 /* Release */ = {
			isa = XCBuildConfiguration;
			buildSettings = {
				ASSETCATALOG_COMPILER_APPICON_NAME = AppIcon;
				CODE_SIGN_STYLE = Automatic;
				DEVELOPMENT_TEAM = 7D8T852G26;
				INFOPLIST_FILE = VKPractise/Info.plist;
				LD_RUNPATH_SEARCH_PATHS = (
					"$(inherited)",
					"@executable_path/Frameworks",
				);
				PRODUCT_BUNDLE_IDENTIFIER = krasnikov.VKPractise;
				PRODUCT_NAME = "$(TARGET_NAME)";
				SWIFT_VERSION = 4.2;
				TARGETED_DEVICE_FAMILY = "1,2";
			};
			name = Release;
		};
		30BFF7162258166600B9DF03 /* Debug */ = {
			isa = XCBuildConfiguration;
			buildSettings = {
				ALWAYS_EMBED_SWIFT_STANDARD_LIBRARIES = YES;
				BUNDLE_LOADER = "$(TEST_HOST)";
				CODE_SIGN_STYLE = Automatic;
				DEVELOPMENT_TEAM = 7D8T852G26;
				INFOPLIST_FILE = VKPractiseTests/Info.plist;
				LD_RUNPATH_SEARCH_PATHS = (
					"$(inherited)",
					"@executable_path/Frameworks",
					"@loader_path/Frameworks",
				);
				PRODUCT_BUNDLE_IDENTIFIER = krasnikov.VKPractiseTests;
				PRODUCT_NAME = "$(TARGET_NAME)";
				SWIFT_VERSION = 4.2;
				TARGETED_DEVICE_FAMILY = "1,2";
				TEST_HOST = "$(BUILT_PRODUCTS_DIR)/VKPractise.app/VKPractise";
			};
			name = Debug;
		};
		30BFF7172258166600B9DF03 /* Release */ = {
			isa = XCBuildConfiguration;
			buildSettings = {
				ALWAYS_EMBED_SWIFT_STANDARD_LIBRARIES = YES;
				BUNDLE_LOADER = "$(TEST_HOST)";
				CODE_SIGN_STYLE = Automatic;
				DEVELOPMENT_TEAM = 7D8T852G26;
				INFOPLIST_FILE = VKPractiseTests/Info.plist;
				LD_RUNPATH_SEARCH_PATHS = (
					"$(inherited)",
					"@executable_path/Frameworks",
					"@loader_path/Frameworks",
				);
				PRODUCT_BUNDLE_IDENTIFIER = krasnikov.VKPractiseTests;
				PRODUCT_NAME = "$(TARGET_NAME)";
				SWIFT_VERSION = 4.2;
				TARGETED_DEVICE_FAMILY = "1,2";
				TEST_HOST = "$(BUILT_PRODUCTS_DIR)/VKPractise.app/VKPractise";
			};
			name = Release;
		};
/* End XCBuildConfiguration section */

/* Begin XCConfigurationList section */
		30BFF6F02258166400B9DF03 /* Build configuration list for PBXProject "VKPractise" */ = {
			isa = XCConfigurationList;
			buildConfigurations = (
				30BFF7102258166600B9DF03 /* Debug */,
				30BFF7112258166600B9DF03 /* Release */,
			);
			defaultConfigurationIsVisible = 0;
			defaultConfigurationName = Release;
		};
		30BFF7122258166600B9DF03 /* Build configuration list for PBXNativeTarget "VKPractise" */ = {
			isa = XCConfigurationList;
			buildConfigurations = (
				30BFF7132258166600B9DF03 /* Debug */,
				30BFF7142258166600B9DF03 /* Release */,
			);
			defaultConfigurationIsVisible = 0;
			defaultConfigurationName = Release;
		};
		30BFF7152258166600B9DF03 /* Build configuration list for PBXNativeTarget "VKPractiseTests" */ = {
			isa = XCConfigurationList;
			buildConfigurations = (
				30BFF7162258166600B9DF03 /* Debug */,
				30BFF7172258166600B9DF03 /* Release */,
			);
			defaultConfigurationIsVisible = 0;
			defaultConfigurationName = Release;
		};
/* End XCConfigurationList section */
	};
	rootObject = 30BFF6ED2258166400B9DF03 /* Project object */;
}
